
Microsoft Visual Studio Solution File, Format Version 12.00
# Visual Studio Version 17
VisualStudioVersion = 17.3.32825.248
MinimumVisualStudioVersion = 10.0.40219.1
Project("{8BC9CEB8-8B4A-11D0-8D11-00A0C91BC942}") = "01", "01\01.vcxproj", "{950A302E-C816-4416-9312-67D8FC4917E9}"
EndProject
Project("{8BC9CEB8-8B4A-11D0-8D11-00A0C91BC942}") = "02", "02\02.vcxproj", "{7D340B36-5394-40D6-86FD-F1B02B47630A}"
EndProject
Project("{8BC9CEB8-8B4A-11D0-8D11-00A0C91BC942}") = "03", "03\03.vcxproj", "{C1D5E6C8-B33F-4530-B12A-ADA8EB8E5BF2}"
EndProject
Project("{8BC9CEB8-8B4A-11D0-8D11-00A0C91BC942}") = "04", "04\04.vcxproj", "{ECB370CA-8036-4010-8E57-299FC962B9FE}"
EndProject
Project("{8BC9CEB8-8B4A-11D0-8D11-00A0C91BC942}") = "05", "05\05.vcxproj", "{87D64CF1-AA00-4406-8FA6-713E57C0E41C}"
EndProject
Project("{8BC9CEB8-8B4A-11D0-8D11-00A0C91BC942}") = "06", "06\06.vcxproj", "{FDD3B0B8-D0BD-42D3-8FCB-3875252E7F4A}"
EndProject
Project("{8BC9CEB8-8B4A-11D0-8D11-00A0C91BC942}") = "07", "07\07.vcxproj", "{B900D2D7-EE66-49C2-AE58-2772F6161921}"
EndProject
Project("{8BC9CEB8-8B4A-11D0-8D11-00A0C91BC942}") = "08", "08\08.vcxproj", "{7192F6FF-33E6-4C00-A738-BA0C373B5F9A}"
EndProject
Global
	GlobalSection(SolutionConfigurationPlatforms) = preSolution
		Debug|x64 = Debug|x64
		Debug|x86 = Debug|x86
		Release|x64 = Release|x64
		Release|x86 = Release|x86
	EndGlobalSection
	GlobalSection(ProjectConfigurationPlatforms) = postSolution
		{950A302E-C816-4416-9312-67D8FC4917E9}.Debug|x64.ActiveCfg = Debug|x64
		{950A302E-C816-4416-9312-67D8FC4917E9}.Debug|x64.Build.0 = Debug|x64
		{950A302E-C816-4416-9312-67D8FC4917E9}.Debug|x86.ActiveCfg = Debug|Win32
		{950A302E-C816-4416-9312-67D8FC4917E9}.Debug|x86.Build.0 = Debug|Win32
		{950A302E-C816-4416-9312-67D8FC4917E9}.Release|x64.ActiveCfg = Release|x64
		{950A302E-C816-4416-9312-67D8FC4917E9}.Release|x64.Build.0 = Release|x64
		{950A302E-C816-4416-9312-67D8FC4917E9}.Release|x86.ActiveCfg = Release|Win32
		{950A302E-C816-4416-9312-67D8FC4917E9}.Release|x86.Build.0 = Release|Win32
		{7D340B36-5394-40D6-86FD-F1B02B47630A}.Debug|x64.ActiveCfg = Debug|x64
		{7D340B36-5394-40D6-86FD-F1B02B47630A}.Debug|x64.Build.0 = Debug|x64
		{7D340B36-5394-40D6-86FD-F1B02B47630A}.Debug|x86.ActiveCfg = Debug|Win32
		{7D340B36-5394-40D6-86FD-F1B02B47630A}.Debug|x86.Build.0 = Debug|Win32
		{7D340B36-5394-40D6-86FD-F1B02B47630A}.Release|x64.ActiveCfg = Release|x64
		{7D340B36-5394-40D6-86FD-F1B02B47630A}.Release|x64.Build.0 = Release|x64
		{7D340B36-5394-40D6-86FD-F1B02B47630A}.Release|x86.ActiveCfg = Release|Win32
		{7D340B36-5394-40D6-86FD-F1B02B47630A}.Release|x86.Build.0 = Release|Win32
		{C1D5E6C8-B33F-4530-B12A-ADA8EB8E5BF2}.Debug|x64.ActiveCfg = Debug|x64
		{C1D5E6C8-B33F-4530-B12A-ADA8EB8E5BF2}.Debug|x64.Build.0 = Debug|x64
		{C1D5E6C8-B33F-4530-B12A-ADA8EB8E5BF2}.Debug|x86.ActiveCfg = Debug|Win32
		{C1D5E6C8-B33F-4530-B12A-ADA8EB8E5BF2}.Debug|x86.Build.0 = Debug|Win32
		{C1D5E6C8-B33F-4530-B12A-ADA8EB8E5BF2}.Release|x64.ActiveCfg = Release|x64
		{C1D5E6C8-B33F-4530-B12A-ADA8EB8E5BF2}.Release|x64.Build.0 = Release|x64
		{C1D5E6C8-B33F-4530-B12A-ADA8EB8E5BF2}.Release|x86.ActiveCfg = Release|Win32
		{C1D5E6C8-B33F-4530-B12A-ADA8EB8E5BF2}.Release|x86.Build.0 = Release|Win32
		{ECB370CA-8036-4010-8E57-299FC962B9FE}.Debug|x64.ActiveCfg = Debug|x64
		{ECB370CA-8036-4010-8E57-299FC962B9FE}.Debug|x64.Build.0 = Debug|x64
		{ECB370CA-8036-4010-8E57-299FC962B9FE}.Debug|x86.ActiveCfg = Debug|Win32
		{ECB370CA-8036-4010-8E57-299FC962B9FE}.Debug|x86.Build.0 = Debug|Win32
		{ECB370CA-8036-4010-8E57-299FC962B9FE}.Release|x64.ActiveCfg = Release|x64
		{ECB370CA-8036-4010-8E57-299FC962B9FE}.Release|x64.Build.0 = Release|x64
		{ECB370CA-8036-4010-8E57-299FC962B9FE}.Release|x86.ActiveCfg = Release|Win32
		{ECB370CA-8036-4010-8E57-299FC962B9FE}.Release|x86.Build.0 = Release|Win32
		{87D64CF1-AA00-4406-8FA6-713E57C0E41C}.Debug|x64.ActiveCfg = Debug|x64
		{87D64CF1-AA00-4406-8FA6-713E57C0E41C}.Debug|x64.Build.0 = Debug|x64
		{87D64CF1-AA00-4406-8FA6-713E57C0E41C}.Debug|x86.ActiveCfg = Debug|Win32
		{87D64CF1-AA00-4406-8FA6-713E57C0E41C}.Debug|x86.Build.0 = Debug|Win32
		{87D64CF1-AA00-4406-8FA6-713E57C0E41C}.Release|x64.ActiveCfg = Release|x64
		{87D64CF1-AA00-4406-8FA6-713E57C0E41C}.Release|x64.Build.0 = Release|x64
		{87D64CF1-AA00-4406-8FA6-713E57C0E41C}.Release|x86.ActiveCfg = Release|Win32
		{87D64CF1-AA00-4406-8FA6-713E57C0E41C}.Release|x86.Build.0 = Release|Win32
		{FDD3B0B8-D0BD-42D3-8FCB-3875252E7F4A}.Debug|x64.ActiveCfg = Debug|x64
		{FDD3B0B8-D0BD-42D3-8FCB-3875252E7F4A}.Debug|x64.Build.0 = Debug|x64
		{FDD3B0B8-D0BD-42D3-8FCB-3875252E7F4A}.Debug|x86.ActiveCfg = Debug|Win32
		{FDD3B0B8-D0BD-42D3-8FCB-3875252E7F4A}.Debug|x86.Build.0 = Debug|Win32
		{FDD3B0B8-D0BD-42D3-8FCB-3875252E7F4A}.Release|x64.ActiveCfg = Release|x64
		{FDD3B0B8-D0BD-42D3-8FCB-3875252E7F4A}.Release|x64.Build.0 = Release|x64
		{FDD3B0B8-D0BD-42D3-8FCB-3875252E7F4A}.Release|x86.ActiveCfg = Release|Win32
		{FDD3B0B8-D0BD-42D3-8FCB-3875252E7F4A}.Release|x86.Build.0 = Release|Win32
		{B900D2D7-EE66-49C2-AE58-2772F6161921}.Debug|x64.ActiveCfg = Debug|x64
		{B900D2D7-EE66-49C2-AE58-2772F6161921}.Debug|x64.Build.0 = Debug|x64
		{B900D2D7-EE66-49C2-AE58-2772F6161921}.Debug|x86.ActiveCfg = Debug|Win32
		{B900D2D7-EE66-49C2-AE58-2772F6161921}.Debug|x86.Build.0 = Debug|Win32
		{B900D2D7-EE66-49C2-AE58-2772F6161921}.Release|x64.ActiveCfg = Release|x64
		{B900D2D7-EE66-49C2-AE58-2772F6161921}.Release|x64.Build.0 = Release|x64
		{B900D2D7-EE66-49C2-AE58-2772F6161921}.Release|x86.ActiveCfg = Release|Win32
		{B900D2D7-EE66-49C2-AE58-2772F6161921}.Release|x86.Build.0 = Release|Win32
		{7192F6FF-33E6-4C00-A738-BA0C373B5F9A}.Debug|x64.ActiveCfg = Debug|x64
		{7192F6FF-33E6-4C00-A738-BA0C373B5F9A}.Debug|x64.Build.0 = Debug|x64
		{7192F6FF-33E6-4C00-A738-BA0C373B5F9A}.Debug|x86.ActiveCfg = Debug|Win32
		{7192F6FF-33E6-4C00-A738-BA0C373B5F9A}.Debug|x86.Build.0 = Debug|Win32
		{7192F6FF-33E6-4C00-A738-BA0C373B5F9A}.Release|x64.ActiveCfg = Release|x64
		{7192F6FF-33E6-4C00-A738-BA0C373B5F9A}.Release|x64.Build.0 = Release|x64
		{7192F6FF-33E6-4C00-A738-BA0C373B5F9A}.Release|x86.ActiveCfg = Release|Win32
		{7192F6FF-33E6-4C00-A738-BA0C373B5F9A}.Release|x86.Build.0 = Release|Win32
	EndGlobalSection
	GlobalSection(SolutionProperties) = preSolution
		HideSolutionNode = FALSE
	EndGlobalSection
	GlobalSection(ExtensibilityGlobals) = postSolution
		SolutionGuid = {8BB6AA1E-FF1C-42BA-BB59-5A90527CB80D}
	EndGlobalSection
EndGlobal
